
Microsoft Visual Studio Solution File, Format Version 12.00
# Visual Studio Version 16
VisualStudioVersion = 16.0.32602.291
MinimumVisualStudioVersion = 10.0.40219.1
Project("{FAE04EC0-301F-11D3-BF4B-00C04F79EFBC}") = "E_Invoice", "E_Invoice\E_Invoice.csproj", "{EAC53E78-9042-4102-8F80-889D18B8CEE8}"
EndProject
Global
	GlobalSection(SolutionConfigurationPlatforms) = preSolution
		Debug|Any CPU = Debug|Any CPU
		Release|Any CPU = Release|Any CPU
	EndGlobalSection
	GlobalSection(ProjectConfigurationPlatforms) = postSolution
		{EAC53E78-9042-4102-8F80-889D18B8CEE8}.Debug|Any CPU.ActiveCfg = Debug|Any CPU
		{EAC53E78-9042-4102-8F80-889D18B8CEE8}.Debug|Any CPU.Build.0 = Debug|Any CPU
		{EAC53E78-9042-4102-8F80-889D18B8CEE8}.Release|Any CPU.ActiveCfg = Release|Any CPU
		{EAC53E78-9042-4102-8F80-889D18B8CEE8}.Release|Any CPU.Build.0 = Release|Any CPU
	EndGlobalSection
	GlobalSection(SolutionProperties) = preSolution
		HideSolutionNode = FALSE
	EndGlobalSection
	GlobalSection(ExtensibilityGlobals) = postSolution
		SolutionGuid = {E112C424-F2EA-416F-AA5C-15AEC457D84D}
	EndGlobalSection
EndGlobal
